
Microsoft Visual Studio Solution File, Format Version 12.00
# Visual Studio Version 17
VisualStudioVersion = 17.3.32825.248
MinimumVisualStudioVersion = 10.0.40219.1
Project("{FAE04EC0-301F-11D3-BF4B-00C04F79EFBC}") = "Task1", "Task1\Task1.csproj", "{30A119B9-3FFF-4AAC-A101-378A1A25F426}"
EndProject
Global
	GlobalSection(SolutionConfigurationPlatforms) = preSolution
		Debug|Any CPU = Debug|Any CPU
		Release|Any CPU = Release|Any CPU
	EndGlobalSection
	GlobalSection(ProjectConfigurationPlatforms) = postSolution
		{30A119B9-3FFF-4AAC-A101-378A1A25F426}.Debug|Any CPU.ActiveCfg = Debug|Any CPU
		{30A119B9-3FFF-4AAC-A101-378A1A25F426}.Debug|Any CPU.Build.0 = Debug|Any CPU
		{30A119B9-3FFF-4AAC-A101-378A1A25F426}.Release|Any CPU.ActiveCfg = Release|Any CPU
		{30A119B9-3FFF-4AAC-A101-378A1A25F426}.Release|Any CPU.Build.0 = Release|Any CPU
	EndGlobalSection
	GlobalSection(SolutionProperties) = preSolution
		HideSolutionNode = FALSE
	EndGlobalSection
	GlobalSection(ExtensibilityGlobals) = postSolution
		SolutionGuid = {A08A6B68-AE78-482C-A206-91367C840540}
	EndGlobalSection
EndGlobal
